
Microsoft Visual Studio Solution File, Format Version 12.00
# Visual Studio 2015
Project("{FAE04EC0-301F-11D3-BF4B-00C04F79EFBC}") = "Turn-based 2D Combat", "Turn-based 2D Combat.csproj", "{ACE62872-FAD8-8EEF-6B21-03C9FEC26A55}"
EndProject
Global
	GlobalSection(SolutionConfigurationPlatforms) = preSolution
		Debug|Any CPU = Debug|Any CPU
		Release|Any CPU = Release|Any CPU
	EndGlobalSection
	GlobalSection(ProjectConfigurationPlatforms) = postSolution
		{ACE62872-FAD8-8EEF-6B21-03C9FEC26A55}.Debug|Any CPU.ActiveCfg = Debug|Any CPU
		{ACE62872-FAD8-8EEF-6B21-03C9FEC26A55}.Debug|Any CPU.Build.0 = Debug|Any CPU
		{ACE62872-FAD8-8EEF-6B21-03C9FEC26A55}.Release|Any CPU.ActiveCfg = Release|Any CPU
		{ACE62872-FAD8-8EEF-6B21-03C9FEC26A55}.Release|Any CPU.Build.0 = Release|Any CPU
	EndGlobalSection
	GlobalSection(SolutionProperties) = preSolution
		HideSolutionNode = FALSE
	EndGlobalSection
EndGlobal
